
Microsoft Visual Studio Solution File, Format Version 12.00
# Visual Studio Version 16
VisualStudioVersion = 16.0.29215.179
MinimumVisualStudioVersion = 10.0.40219.1
Project("{FAE04EC0-301F-11D3-BF4B-00C04F79EFBC}") = "Lab1", "Lab1\Lab1.csproj", "{45C68EE5-B94A-4799-A37C-E1261310C4CA}"
EndProject
Global
	GlobalSection(SolutionConfigurationPlatforms) = preSolution
		Debug|Any CPU = Debug|Any CPU
		Release|Any CPU = Release|Any CPU
	EndGlobalSection
	GlobalSection(ProjectConfigurationPlatforms) = postSolution
		{45C68EE5-B94A-4799-A37C-E1261310C4CA}.Debug|Any CPU.ActiveCfg = Debug|Any CPU
		{45C68EE5-B94A-4799-A37C-E1261310C4CA}.Debug|Any CPU.Build.0 = Debug|Any CPU
		{45C68EE5-B94A-4799-A37C-E1261310C4CA}.Release|Any CPU.ActiveCfg = Release|Any CPU
		{45C68EE5-B94A-4799-A37C-E1261310C4CA}.Release|Any CPU.Build.0 = Release|Any CPU
	EndGlobalSection
	GlobalSection(SolutionProperties) = preSolution
		HideSolutionNode = FALSE
	EndGlobalSection
	GlobalSection(ExtensibilityGlobals) = postSolution
		SolutionGuid = {1D700985-86B0-4B9D-A5D5-80A6902D5B13}
	EndGlobalSection
EndGlobal
